// !$*UTF8*$!
{
	archiveVersion = 1;
	classes = {
	};
	objectVersion = 50;
	objects = {

/* Begin PBXBuildFile section */
		713280DB246737030069E2DE /* AppDelegate.swift in Sources */ = {isa = PBXBuildFile; fileRef = 713280DA246737030069E2DE /* AppDelegate.swift */; };
		713280DD246737030069E2DE /* SceneDelegate.swift in Sources */ = {isa = PBXBuildFile; fileRef = 713280DC246737030069E2DE /* SceneDelegate.swift */; };
		713280DF246737030069E2DE /* ContentView.swift in Sources */ = {isa = PBXBuildFile; fileRef = 713280DE246737030069E2DE /* ContentView.swift */; };
		713280E1246737050069E2DE /* Assets.xcassets in Resources */ = {isa = PBXBuildFile; fileRef = 713280E0246737050069E2DE /* Assets.xcassets */; };
		713280E4246737050069E2DE /* Preview Assets.xcassets in Resources */ = {isa = PBXBuildFile; fileRef = 713280E3246737050069E2DE /* Preview Assets.xcassets */; };
		713280E7246737050069E2DE /* LaunchScreen.storyboard in Resources */ = {isa = PBXBuildFile; fileRef = 713280E5246737050069E2DE /* LaunchScreen.storyboard */; };
		713280F2246737050069E2DE /* BookzTests.swift in Sources */ = {isa = PBXBuildFile; fileRef = 713280F1246737050069E2DE /* BookzTests.swift */; };
/* End PBXBuildFile section */

/* Begin PBXContainerItemProxy section */
		713280EE246737050069E2DE /* PBXContainerItemProxy */ = {
			isa = PBXContainerItemProxy;
			containerPortal = 713280CF246737030069E2DE /* Project object */;
			proxyType = 1;
			remoteGlobalIDString = 713280D6246737030069E2DE;
			remoteInfo = Bookz;
		};
/* End PBXContainerItemProxy section */

/* Begin PBXFileReference section */
		713280D7246737030069E2DE /* Bookz.app */ = {isa = PBXFileReference; explicitFileType = wrapper.application; includeInIndex = 0; path = Bookz.app; sourceTree = BUILT_PRODUCTS_DIR; };
		713280DA246737030069E2DE /* AppDelegate.swift */ = {isa = PBXFileReference; lastKnownFileType = sourcecode.swift; path = AppDelegate.swift; sourceTree = "<group>"; };
		713280DC246737030069E2DE /* SceneDelegate.swift */ = {isa = PBXFileReference; lastKnownFileType = sourcecode.swift; path = SceneDelegate.swift; sourceTree = "<group>"; };
		713280DE246737030069E2DE /* ContentView.swift */ = {isa = PBXFileReference; lastKnownFileType = sourcecode.swift; path = ContentView.swift; sourceTree = "<group>"; };
		713280E0246737050069E2DE /* Assets.xcassets */ = {isa = PBXFileReference; lastKnownFileType = folder.assetcatalog; path = Assets.xcassets; sourceTree = "<group>"; };
		713280E3246737050069E2DE /* Preview Assets.xcassets */ = {isa = PBXFileReference; lastKnownFileType = folder.assetcatalog; path = "Preview Assets.xcassets"; sourceTree = "<group>"; };
		713280E6246737050069E2DE /* Base */ = {isa = PBXFileReference; lastKnownFileType = file.storyboard; name = Base; path = Base.lproj/LaunchScreen.storyboard; sourceTree = "<group>"; };
		713280E8246737050069E2DE /* Info.plist */ = {isa = PBXFileReference; lastKnownFileType = text.plist.xml; path = Info.plist; sourceTree = "<group>"; };
		713280ED246737050069E2DE /* BookzTests.xctest */ = {isa = PBXFileReference; explicitFileType = wrapper.cfbundle; includeInIndex = 0; path = BookzTests.xctest; sourceTree = BUILT_PRODUCTS_DIR; };
		713280F1246737050069E2DE /* BookzTests.swift */ = {isa = PBXFileReference; lastKnownFileType = sourcecode.swift; path = BookzTests.swift; sourceTree = "<group>"; };
		713280F3246737050069E2DE /* Info.plist */ = {isa = PBXFileReference; lastKnownFileType = text.plist.xml; path = Info.plist; sourceTree = "<group>"; };
/* End PBXFileReference section */

/* Begin PBXFrameworksBuildPhase section */
		713280D4246737030069E2DE /* Frameworks */ = {
			isa = PBXFrameworksBuildPhase;
			buildActionMask = 2147483647;
			files = (
			);
			runOnlyForDeploymentPostprocessing = 0;
		};
		713280EA246737050069E2DE /* Frameworks */ = {
			isa = PBXFrameworksBuildPhase;
			buildActionMask = 2147483647;
			files = (
			);
			runOnlyForDeploymentPostprocessing = 0;
		};
/* End PBXFrameworksBuildPhase section */

/* Begin PBXGroup section */
		713280CE246737030069E2DE = {
			isa = PBXGroup;
			children = (
				713280D9246737030069E2DE /* Bookz */,
				713280F0246737050069E2DE /* BookzTests */,
				713280D8246737030069E2DE /* Products */,
			);
			sourceTree = "<group>";
		};
		713280D8246737030069E2DE /* Products */ = {
			isa = PBXGroup;
			children = (
				713280D7246737030069E2DE /* Bookz.app */,
				713280ED246737050069E2DE /* BookzTests.xctest */,
			);
			name = Products;
			sourceTree = "<group>";
		};
		713280D9246737030069E2DE /* Bookz */ = {
			isa = PBXGroup;
			children = (
				713280DA246737030069E2DE /* AppDelegate.swift */,
				713280DC246737030069E2DE /* SceneDelegate.swift */,
				713280DE246737030069E2DE /* ContentView.swift */,
				713280E0246737050069E2DE /* Assets.xcassets */,
				713280E5246737050069E2DE /* LaunchScreen.storyboard */,
				713280E8246737050069E2DE /* Info.plist */,
				713280E2246737050069E2DE /* Preview Content */,
			);
			path = Bookz;
			sourceTree = "<group>";
		};
		713280E2246737050069E2DE /* Preview Content */ = {
			isa = PBXGroup;
			children = (
				713280E3246737050069E2DE /* Preview Assets.xcassets */,
			);
			path = "Preview Content";
			sourceTree = "<group>";
		};
		713280F0246737050069E2DE /* BookzTests */ = {
			isa = PBXGroup;
			children = (
				713280F1246737050069E2DE /* BookzTests.swift */,
				713280F3246737050069E2DE /* Info.plist */,
			);
			path = BookzTests;
			sourceTree = "<group>";
		};
/* End PBXGroup section */

/* Begin PBXNativeTarget section */
		713280D6246737030069E2DE /* Bookz */ = {
			isa = PBXNativeTarget;
			buildConfigurationList = 713280F6246737050069E2DE /* Build configuration list for PBXNativeTarget "Bookz" */;
			buildPhases = (
				713280D3246737030069E2DE /* Sources */,
				713280D4246737030069E2DE /* Frameworks */,
				713280D5246737030069E2DE /* Resources */,
			);
			buildRules = (
			);
			dependencies = (
			);
			name = Bookz;
			productName = Bookz;
			productReference = 713280D7246737030069E2DE /* Bookz.app */;
			productType = "com.apple.product-type.application";
		};
		713280EC246737050069E2DE /* BookzTests */ = {
			isa = PBXNativeTarget;
			buildConfigurationList = 713280F9246737050069E2DE /* Build configuration list for PBXNativeTarget "BookzTests" */;
			buildPhases = (
				713280E9246737050069E2DE /* Sources */,
				713280EA246737050069E2DE /* Frameworks */,
				713280EB246737050069E2DE /* Resources */,
			);
			buildRules = (
			);
			dependencies = (
				713280EF246737050069E2DE /* PBXTargetDependency */,
			);
			name = BookzTests;
			productName = BookzTests;
			productReference = 713280ED246737050069E2DE /* BookzTests.xctest */;
			productType = "com.apple.product-type.bundle.unit-test";
		};
/* End PBXNativeTarget section */

/* Begin PBXProject section */
		713280CF246737030069E2DE /* Project object */ = {
			isa = PBXProject;
			attributes = {
				LastSwiftUpdateCheck = 1140;
				LastUpgradeCheck = 1140;
				ORGANIZATIONNAME = "Andrei Mesina";
				TargetAttributes = {
					713280D6246737030069E2DE = {
						CreatedOnToolsVersion = 11.4.1;
					};
					713280EC246737050069E2DE = {
						CreatedOnToolsVersion = 11.4.1;
						TestTargetID = 713280D6246737030069E2DE;
					};
				};
			};
			buildConfigurationList = 713280D2246737030069E2DE /* Build configuration list for PBXProject "Bookz" */;
			compatibilityVersion = "Xcode 9.3";
			developmentRegion = en;
			hasScannedForEncodings = 0;
			knownRegions = (
				en,
				Base,
			);
			mainGroup = 713280CE246737030069E2DE;
			productRefGroup = 713280D8246737030069E2DE /* Products */;
			projectDirPath = "";
			projectRoot = "";
			targets = (
				713280D6246737030069E2DE /* Bookz */,
				713280EC246737050069E2DE /* BookzTests */,
			);
		};
/* End PBXProject section */

/* Begin PBXResourcesBuildPhase section */
		713280D5246737030069E2DE /* Resources */ = {
			isa = PBXResourcesBuildPhase;
			buildActionMask = 2147483647;
			files = (
				713280E7246737050069E2DE /* LaunchScreen.storyboard in Resources */,
				713280E4246737050069E2DE /* Preview Assets.xcassets in Resources */,
				713280E1246737050069E2DE /* Assets.xcassets in Resources */,
			);
			runOnlyForDeploymentPostprocessing = 0;
		};
		713280EB246737050069E2DE /* Resources */ = {
			isa = PBXResourcesBuildPhase;
			buildActionMask = 2147483647;
			files = (
			);
			runOnlyForDeploymentPostprocessing = 0;
		};
/* End PBXResourcesBuildPhase section */

/* Begin PBXSourcesBuildPhase section */
		713280D3246737030069E2DE /* Sources */ = {
			isa = PBXSourcesBuildPhase;
			buildActionMask = 2147483647;
			files = (
				713280DB246737030069E2DE /* AppDelegate.swift in Sources */,
				713280DD246737030069E2DE /* SceneDelegate.swift in Sources */,
				713280DF246737030069E2DE /* ContentView.swift in Sources */,
			);
			runOnlyForDeploymentPostprocessing = 0;
		};
		713280E9246737050069E2DE /* Sources */ = {
			isa = PBXSourcesBuildPhase;
			buildActionMask = 2147483647;
			files = (
				713280F2246737050069E2DE /* BookzTests.swift in Sources */,
			);
			runOnlyForDeploymentPostprocessing = 0;
		};
/* End PBXSourcesBuildPhase section */

/* Begin PBXTargetDependency section */
		713280EF246737050069E2DE /* PBXTargetDependency */ = {
			isa = PBXTargetDependency;
			target = 713280D6246737030069E2DE /* Bookz */;
			targetProxy = 713280EE246737050069E2DE /* PBXContainerItemProxy */;
		};
/* End PBXTargetDependency section */

/* Begin PBXVariantGroup section */
		713280E5246737050069E2DE /* LaunchScreen.storyboard */ = {
			isa = PBXVariantGroup;
			children = (
				713280E6246737050069E2DE /* Base */,
			);
			name = LaunchScreen.storyboard;
			sourceTree = "<group>";
		};
/* End PBXVariantGroup section */

/* Begin XCBuildConfiguration section */
		713280F4246737050069E2DE /* Debug */ = {
			isa = XCBuildConfiguration;
			buildSettings = {
				ALWAYS_SEARCH_USER_PATHS = NO;
				CLANG_ANALYZER_NONNULL = YES;
				CLANG_ANALYZER_NUMBER_OBJECT_CONVERSION = YES_AGGRESSIVE;
				CLANG_CXX_LANGUAGE_STANDARD = "gnu++14";
				CLANG_CXX_LIBRARY = "libc++";
				CLANG_ENABLE_MODULES = YES;
				CLANG_ENABLE_OBJC_ARC = YES;
				CLANG_ENABLE_OBJC_WEAK = YES;
				CLANG_WARN_BLOCK_CAPTURE_AUTORELEASING = YES;
				CLANG_WARN_BOOL_CONVERSION = YES;
				CLANG_WARN_COMMA = YES;
				CLANG_WARN_CONSTANT_CONVERSION = YES;
				CLANG_WARN_DEPRECATED_OBJC_IMPLEMENTATIONS = YES;
				CLANG_WARN_DIRECT_OBJC_ISA_USAGE = YES_ERROR;
				CLANG_WARN_DOCUMENTATION_COMMENTS = YES;
				CLANG_WARN_EMPTY_BODY = YES;
				CLANG_WARN_ENUM_CONVERSION = YES;
				CLANG_WARN_INFINITE_RECURSION = YES;
				CLANG_WARN_INT_CONVERSION = YES;
				CLANG_WARN_NON_LITERAL_NULL_CONVERSION = YES;
				CLANG_WARN_OBJC_IMPLICIT_RETAIN_SELF = YES;
				CLANG_WARN_OBJC_LITERAL_CONVERSION = YES;
				CLANG_WARN_OBJC_ROOT_CLASS = YES_ERROR;
				CLANG_WARN_RANGE_LOOP_ANALYSIS = YES;
				CLANG_WARN_STRICT_PROTOTYPES = YES;
				CLANG_WARN_SUSPICIOUS_MOVE = YES;
				CLANG_WARN_UNGUARDED_AVAILABILITY = YES_AGGRESSIVE;
				CLANG_WARN_UNREACHABLE_CODE = YES;
				CLANG_WARN__DUPLICATE_METHOD_MATCH = YES;
				COPY_PHASE_STRIP = NO;
				DEBUG_INFORMATION_FORMAT = dwarf;
				ENABLE_STRICT_OBJC_MSGSEND = YES;
				ENABLE_TESTABILITY = YES;
				GCC_C_LANGUAGE_STANDARD = gnu11;
				GCC_DYNAMIC_NO_PIC = NO;
				GCC_NO_COMMON_BLOCKS = YES;
				GCC_OPTIMIZATION_LEVEL = 0;
				GCC_PREPROCESSOR_DEFINITIONS = (
					"DEBUG=1",
					"$(inherited)",
				);
				GCC_WARN_64_TO_32_BIT_CONVERSION = YES;
				GCC_WARN_ABOUT_RETURN_TYPE = YES_ERROR;
				GCC_WARN_UNDECLARED_SELECTOR = YES;
				GCC_WARN_UNINITIALIZED_AUTOS = YES_AGGRESSIVE;
				GCC_WARN_UNUSED_FUNCTION = YES;
				GCC_WARN_UNUSED_VARIABLE = YES;
				IPHONEOS_DEPLOYMENT_TARGET = 13.4;
				MTL_ENABLE_DEBUG_INFO = INCLUDE_SOURCE;
				MTL_FAST_MATH = YES;
				ONLY_ACTIVE_ARCH = YES;
				SDKROOT = iphoneos;
				SWIFT_ACTIVE_COMPILATION_CONDITIONS = DEBUG;
				SWIFT_OPTIMIZATION_LEVEL = "-Onone";
			};
			name = Debug;
		};
		713280F5246737050069E2DE /* Release */ = {
			isa = XCBuildConfiguration;
			buildSettings = {
				ALWAYS_SEARCH_USER_PATHS = NO;
				CLANG_ANALYZER_NONNULL = YES;
				CLANG_ANALYZER_NUMBER_OBJECT_CONVERSION = YES_AGGRESSIVE;
				CLANG_CXX_LANGUAGE_STANDARD = "gnu++14";
				CLANG_CXX_LIBRARY = "libc++";
				CLANG_ENABLE_MODULES = YES;
				CLANG_ENABLE_OBJC_ARC = YES;
				CLANG_ENABLE_OBJC_WEAK = YES;
				CLANG_WARN_BLOCK_CAPTURE_AUTORELEASING = YES;
				CLANG_WARN_BOOL_CONVERSION = YES;
				CLANG_WARN_COMMA = YES;
				CLANG_WARN_CONSTANT_CONVERSION = YES;
				CLANG_WARN_DEPRECATED_OBJC_IMPLEMENTATIONS = YES;
				CLANG_WARN_DIRECT_OBJC_ISA_USAGE = YES_ERROR;
				CLANG_WARN_DOCUMENTATION_COMMENTS = YES;
				CLANG_WARN_EMPTY_BODY = YES;
				CLANG_WARN_ENUM_CONVERSION = YES;
				CLANG_WARN_INFINITE_RECURSION = YES;
				CLANG_WARN_INT_CONVERSION = YES;
				CLANG_WARN_NON_LITERAL_NULL_CONVERSION = YES;
				CLANG_WARN_OBJC_IMPLICIT_RETAIN_SELF = YES;
				CLANG_WARN_OBJC_LITERAL_CONVERSION = YES;
				CLANG_WARN_OBJC_ROOT_CLASS = YES_ERROR;
				CLANG_WARN_RANGE_LOOP_ANALYSIS = YES;
				CLANG_WARN_STRICT_PROTOTYPES = YES;
				CLANG_WARN_SUSPICIOUS_MOVE = YES;
				CLANG_WARN_UNGUARDED_AVAILABILITY = YES_AGGRESSIVE;
				CLANG_WARN_UNREACHABLE_CODE = YES;
				CLANG_WARN__DUPLICATE_METHOD_MATCH = YES;
				COPY_PHASE_STRIP = NO;
				DEBUG_INFORMATION_FORMAT = "dwarf-with-dsym";
				ENABLE_NS_ASSERTIONS = NO;
				ENABLE_STRICT_OBJC_MSGSEND = YES;
				GCC_C_LANGUAGE_STANDARD = gnu11;
				GCC_NO_COMMON_BLOCKS = YES;
				GCC_WARN_64_TO_32_BIT_CONVERSION = YES;
				GCC_WARN_ABOUT_RETURN_TYPE = YES_ERROR;
				GCC_WARN_UNDECLARED_SELECTOR = YES;
				GCC_WARN_UNINITIALIZED_AUTOS = YES_AGGRESSIVE;
				GCC_WARN_UNUSED_FUNCTION = YES;
				GCC_WARN_UNUSED_VARIABLE = YES;
				IPHONEOS_DEPLOYMENT_TARGET = 13.4;
				MTL_ENABLE_DEBUG_INFO = NO;
				MTL_FAST_MATH = YES;
				SDKROOT = iphoneos;
				SWIFT_COMPILATION_MODE = wholemodule;
				SWIFT_OPTIMIZATION_LEVEL = "-O";
				VALIDATE_PRODUCT = YES;
			};
			name = Release;
		};
		713280F7246737050069E2DE /* Debug */ = {
			isa = XCBuildConfiguration;
			buildSettings = {
				ASSETCATALOG_COMPILER_APPICON_NAME = AppIcon;
				CODE_SIGN_STYLE = Automatic;
				DEVELOPMENT_ASSET_PATHS = "\"Bookz/Preview Content\"";
				ENABLE_PREVIEWS = YES;
				INFOPLIST_FILE = Bookz/Info.plist;
				LD_RUNPATH_SEARCH_PATHS = (
					"$(inherited)",
					"@executable_path/Frameworks",
				);
				PRODUCT_BUNDLE_IDENTIFIER = com.andreimesina.Bookz;
				PRODUCT_NAME = "$(TARGET_NAME)";
				SWIFT_VERSION = 5.0;
				TARGETED_DEVICE_FAMILY = "1,2";
			};
			name = Debug;
		};
		713280F8246737050069E2DE /* Release */ = {
			isa = XCBuildConfiguration;
			buildSettings = {
				ASSETCATALOG_COMPILER_APPICON_NAME = AppIcon;
				CODE_SIGN_STYLE = Automatic;
				DEVELOPMENT_ASSET_PATHS = "\"Bookz/Preview Content\"";
				ENABLE_PREVIEWS = YES;
				INFOPLIST_FILE = Bookz/Info.plist;
				LD_RUNPATH_SEARCH_PATHS = (
					"$(inherited)",
					"@executable_path/Frameworks",
				);
				PRODUCT_BUNDLE_IDENTIFIER = com.andreimesina.Bookz;
				PRODUCT_NAME = "$(TARGET_NAME)";
				SWIFT_VERSION = 5.0;
				TARGETED_DEVICE_FAMILY = "1,2";
			};
			name = Release;
		};
		713280FA246737050069E2DE /* Debug */ = {
			isa = XCBuildConfiguration;
			buildSettings = {
				ALWAYS_EMBED_SWIFT_STANDARD_LIBRARIES = YES;
				BUNDLE_LOADER = "$(TEST_HOST)";
				CODE_SIGN_STYLE = Automatic;
				INFOPLIST_FILE = BookzTests/Info.plist;
				IPHONEOS_DEPLOYMENT_TARGET = 13.4;
				LD_RUNPATH_SEARCH_PATHS = (
					"$(inherited)",
					"@executable_path/Frameworks",
					"@loader_path/Frameworks",
				);
				PRODUCT_BUNDLE_IDENTIFIER = com.andreimesina.BookzTests;
				PRODUCT_NAME = "$(TARGET_NAME)";
				SWIFT_VERSION = 5.0;
				TARGETED_DEVICE_FAMILY = "1,2";
				TEST_HOST = "$(BUILT_PRODUCTS_DIR)/Bookz.app/Bookz";
			};
			name = Debug;
		};
		713280FB246737050069E2DE /* Release */ = {
			isa = XCBuildConfiguration;
			buildSettings = {
				ALWAYS_EMBED_SWIFT_STANDARD_LIBRARIES = YES;
				BUNDLE_LOADER = "$(TEST_HOST)";
				CODE_SIGN_STYLE = Automatic;
				INFOPLIST_FILE = BookzTests/Info.plist;
				IPHONEOS_DEPLOYMENT_TARGET = 13.4;
				LD_RUNPATH_SEARCH_PATHS = (
					"$(inherited)",
					"@executable_path/Frameworks",
					"@loader_path/Frameworks",
				);
				PRODUCT_BUNDLE_IDENTIFIER = com.andreimesina.BookzTests;
				PRODUCT_NAME = "$(TARGET_NAME)";
				SWIFT_VERSION = 5.0;
				TARGETED_DEVICE_FAMILY = "1,2";
				TEST_HOST = "$(BUILT_PRODUCTS_DIR)/Bookz.app/Bookz";
			};
			name = Release;
		};
/* End XCBuildConfiguration section */

/* Begin XCConfigurationList section */
		713280D2246737030069E2DE /* Build configuration list for PBXProject "Bookz" */ = {
			isa = XCConfigurationList;
			buildConfigurations = (
				713280F4246737050069E2DE /* Debug */,
				713280F5246737050069E2DE /* Release */,
			);
			defaultConfigurationIsVisible = 0;
			defaultConfigurationName = Release;
		};
		713280F6246737050069E2DE /* Build configuration list for PBXNativeTarget "Bookz" */ = {
			isa = XCConfigurationList;
			buildConfigurations = (
				713280F7246737050069E2DE /* Debug */,
				713280F8246737050069E2DE /* Release */,
			);
			defaultConfigurationIsVisible = 0;
			defaultConfigurationName = Release;
		};
		713280F9246737050069E2DE /* Build configuration list for PBXNativeTarget "BookzTests" */ = {
			isa = XCConfigurationList;
			buildConfigurations = (
				713280FA246737050069E2DE /* Debug */,
				713280FB246737050069E2DE /* Release */,
			);
			defaultConfigurationIsVisible = 0;
			defaultConfigurationName = Release;
		};
/* End XCConfigurationList section */
	};
	rootObject = 713280CF246737030069E2DE /* Project object */;
}
