// !$*UTF8*$!
{
	archiveVersion = 1;
	classes = {
	};
	objectVersion = 51;
	objects = {

/* Begin PBXBuildFile section */
		30AD6508AA4753E98524E21E /* Pods_Bookz.framework in Frameworks */ = {isa = PBXBuildFile; fileRef = DBB5D13DB48C99C227F1933A /* Pods_Bookz.framework */; };
		5C05B4F86E393A6DC0EA3346 /* Pods_BookzTests.framework in Frameworks */ = {isa = PBXBuildFile; fileRef = D62FEC1B5A0153B8ADD27F9E /* Pods_BookzTests.framework */; };
		713280DB246737030069E2DE /* AppDelegate.swift in Sources */ = {isa = PBXBuildFile; fileRef = 713280DA246737030069E2DE /* AppDelegate.swift */; };
		713280DD246737030069E2DE /* SceneDelegate.swift in Sources */ = {isa = PBXBuildFile; fileRef = 713280DC246737030069E2DE /* SceneDelegate.swift */; };
		713280E1246737050069E2DE /* Assets.xcassets in Resources */ = {isa = PBXBuildFile; fileRef = 713280E0246737050069E2DE /* Assets.xcassets */; };
		713280E4246737050069E2DE /* Preview Assets.xcassets in Resources */ = {isa = PBXBuildFile; fileRef = 713280E3246737050069E2DE /* Preview Assets.xcassets */; };
		713280E7246737050069E2DE /* Main.storyboard in Resources */ = {isa = PBXBuildFile; fileRef = 713280E5246737050069E2DE /* Main.storyboard */; };
		713280F2246737050069E2DE /* BookzTests.swift in Sources */ = {isa = PBXBuildFile; fileRef = 713280F1246737050069E2DE /* BookzTests.swift */; };
		7175EB6C24673DA200903034 /* GoogleService-Info.plist in Resources */ = {isa = PBXBuildFile; fileRef = 7175EB6B24673DA200903034 /* GoogleService-Info.plist */; };
		717F67DA247D7B120016F728 /* BookReaderController.swift in Sources */ = {isa = PBXBuildFile; fileRef = 717F67D9247D7B120016F728 /* BookReaderController.swift */; };
		717F67DC247DBE220016F728 /* LaunchScreen.storyboard in Resources */ = {isa = PBXBuildFile; fileRef = 717F67DB247DBE220016F728 /* LaunchScreen.storyboard */; };
		7185A3892467524A00C74DF3 /* Book.swift in Sources */ = {isa = PBXBuildFile; fileRef = 7185A3882467524A00C74DF3 /* Book.swift */; };
		7185A38B2467525E00C74DF3 /* Genre.swift in Sources */ = {isa = PBXBuildFile; fileRef = 7185A38A2467525E00C74DF3 /* Genre.swift */; };
		7185A38D2467526D00C74DF3 /* Note.swift in Sources */ = {isa = PBXBuildFile; fileRef = 7185A38C2467526D00C74DF3 /* Note.swift */; };
		7185A38F2467606700C74DF3 /* BooksManager.swift in Sources */ = {isa = PBXBuildFile; fileRef = 7185A38E2467606700C74DF3 /* BooksManager.swift */; };
		7185A3912467607500C74DF3 /* GenresManager.swift in Sources */ = {isa = PBXBuildFile; fileRef = 7185A3902467607500C74DF3 /* GenresManager.swift */; };
		7185A3932467608800C74DF3 /* NotesManager.swift in Sources */ = {isa = PBXBuildFile; fileRef = 7185A3922467608800C74DF3 /* NotesManager.swift */; };
		7185A3972467696D00C74DF3 /* BooksController.swift in Sources */ = {isa = PBXBuildFile; fileRef = 7185A3962467696D00C74DF3 /* BooksController.swift */; };
		7185A3992467697F00C74DF3 /* NotesController.swift in Sources */ = {isa = PBXBuildFile; fileRef = 7185A3982467697F00C74DF3 /* NotesController.swift */; };
		71DF050A2468767F00A096F2 /* DirectoryUtils.swift in Sources */ = {isa = PBXBuildFile; fileRef = 71DF05092468767F00A096F2 /* DirectoryUtils.swift */; };
/* End PBXBuildFile section */

/* Begin PBXContainerItemProxy section */
		713280EE246737050069E2DE /* PBXContainerItemProxy */ = {
			isa = PBXContainerItemProxy;
			containerPortal = 713280CF246737030069E2DE /* Project object */;
			proxyType = 1;
			remoteGlobalIDString = 713280D6246737030069E2DE;
			remoteInfo = Bookz;
		};
/* End PBXContainerItemProxy section */

/* Begin PBXFileReference section */
		371D4F5E05CB2C9CC46E9EDC /* Pods-Bookz.debug.xcconfig */ = {isa = PBXFileReference; includeInIndex = 1; lastKnownFileType = text.xcconfig; name = "Pods-Bookz.debug.xcconfig"; path = "Target Support Files/Pods-Bookz/Pods-Bookz.debug.xcconfig"; sourceTree = "<group>"; };
		6ED9C39347B604824C199490 /* Pods-BookzTests.release.xcconfig */ = {isa = PBXFileReference; includeInIndex = 1; lastKnownFileType = text.xcconfig; name = "Pods-BookzTests.release.xcconfig"; path = "Target Support Files/Pods-BookzTests/Pods-BookzTests.release.xcconfig"; sourceTree = "<group>"; };
		713280D7246737030069E2DE /* Bookz.app */ = {isa = PBXFileReference; explicitFileType = wrapper.application; includeInIndex = 0; path = Bookz.app; sourceTree = BUILT_PRODUCTS_DIR; };
		713280DA246737030069E2DE /* AppDelegate.swift */ = {isa = PBXFileReference; lastKnownFileType = sourcecode.swift; path = AppDelegate.swift; sourceTree = "<group>"; };
		713280DC246737030069E2DE /* SceneDelegate.swift */ = {isa = PBXFileReference; lastKnownFileType = sourcecode.swift; path = SceneDelegate.swift; sourceTree = "<group>"; };
		713280E0246737050069E2DE /* Assets.xcassets */ = {isa = PBXFileReference; lastKnownFileType = folder.assetcatalog; path = Assets.xcassets; sourceTree = "<group>"; };
		713280E3246737050069E2DE /* Preview Assets.xcassets */ = {isa = PBXFileReference; lastKnownFileType = folder.assetcatalog; path = "Preview Assets.xcassets"; sourceTree = "<group>"; };
		713280E6246737050069E2DE /* Base */ = {isa = PBXFileReference; lastKnownFileType = file.storyboard; name = Base; path = Base.lproj/Main.storyboard; sourceTree = "<group>"; };
		713280E8246737050069E2DE /* Info.plist */ = {isa = PBXFileReference; lastKnownFileType = text.plist.xml; path = Info.plist; sourceTree = "<group>"; };
		713280ED246737050069E2DE /* BookzTests.xctest */ = {isa = PBXFileReference; explicitFileType = wrapper.cfbundle; includeInIndex = 0; path = BookzTests.xctest; sourceTree = BUILT_PRODUCTS_DIR; };
		713280F1246737050069E2DE /* BookzTests.swift */ = {isa = PBXFileReference; lastKnownFileType = sourcecode.swift; path = BookzTests.swift; sourceTree = "<group>"; };
		713280F3246737050069E2DE /* Info.plist */ = {isa = PBXFileReference; lastKnownFileType = text.plist.xml; path = Info.plist; sourceTree = "<group>"; };
		7175EB6B24673DA200903034 /* GoogleService-Info.plist */ = {isa = PBXFileReference; fileEncoding = 4; lastKnownFileType = text.plist.xml; path = "GoogleService-Info.plist"; sourceTree = "<group>"; };
		717F67D9247D7B120016F728 /* BookReaderController.swift */ = {isa = PBXFileReference; lastKnownFileType = sourcecode.swift; path = BookReaderController.swift; sourceTree = "<group>"; };
		717F67DB247DBE220016F728 /* LaunchScreen.storyboard */ = {isa = PBXFileReference; lastKnownFileType = file.storyboard; path = LaunchScreen.storyboard; sourceTree = "<group>"; };
		7185A3882467524A00C74DF3 /* Book.swift */ = {isa = PBXFileReference; lastKnownFileType = sourcecode.swift; path = Book.swift; sourceTree = "<group>"; };
		7185A38A2467525E00C74DF3 /* Genre.swift */ = {isa = PBXFileReference; lastKnownFileType = sourcecode.swift; path = Genre.swift; sourceTree = "<group>"; };
		7185A38C2467526D00C74DF3 /* Note.swift */ = {isa = PBXFileReference; lastKnownFileType = sourcecode.swift; path = Note.swift; sourceTree = "<group>"; };
		7185A38E2467606700C74DF3 /* BooksManager.swift */ = {isa = PBXFileReference; lastKnownFileType = sourcecode.swift; path = BooksManager.swift; sourceTree = "<group>"; };
		7185A3902467607500C74DF3 /* GenresManager.swift */ = {isa = PBXFileReference; lastKnownFileType = sourcecode.swift; path = GenresManager.swift; sourceTree = "<group>"; };
		7185A3922467608800C74DF3 /* NotesManager.swift */ = {isa = PBXFileReference; lastKnownFileType = sourcecode.swift; path = NotesManager.swift; sourceTree = "<group>"; };
		7185A3962467696D00C74DF3 /* BooksController.swift */ = {isa = PBXFileReference; lastKnownFileType = sourcecode.swift; path = BooksController.swift; sourceTree = "<group>"; };
		7185A3982467697F00C74DF3 /* NotesController.swift */ = {isa = PBXFileReference; lastKnownFileType = sourcecode.swift; path = NotesController.swift; sourceTree = "<group>"; };
		71DF05092468767F00A096F2 /* DirectoryUtils.swift */ = {isa = PBXFileReference; lastKnownFileType = sourcecode.swift; path = DirectoryUtils.swift; sourceTree = "<group>"; };
		868526B0C8EA8B27F7C52F8B /* Pods-Bookz.release.xcconfig */ = {isa = PBXFileReference; includeInIndex = 1; lastKnownFileType = text.xcconfig; name = "Pods-Bookz.release.xcconfig"; path = "Target Support Files/Pods-Bookz/Pods-Bookz.release.xcconfig"; sourceTree = "<group>"; };
		D62FEC1B5A0153B8ADD27F9E /* Pods_BookzTests.framework */ = {isa = PBXFileReference; explicitFileType = wrapper.framework; includeInIndex = 0; path = Pods_BookzTests.framework; sourceTree = BUILT_PRODUCTS_DIR; };
		DBB5D13DB48C99C227F1933A /* Pods_Bookz.framework */ = {isa = PBXFileReference; explicitFileType = wrapper.framework; includeInIndex = 0; path = Pods_Bookz.framework; sourceTree = BUILT_PRODUCTS_DIR; };
		E59D34E1585A87EF3A7568CE /* Pods-BookzTests.debug.xcconfig */ = {isa = PBXFileReference; includeInIndex = 1; lastKnownFileType = text.xcconfig; name = "Pods-BookzTests.debug.xcconfig"; path = "Target Support Files/Pods-BookzTests/Pods-BookzTests.debug.xcconfig"; sourceTree = "<group>"; };
/* End PBXFileReference section */

/* Begin PBXFrameworksBuildPhase section */
		713280D4246737030069E2DE /* Frameworks */ = {
			isa = PBXFrameworksBuildPhase;
			buildActionMask = 2147483647;
			files = (
				30AD6508AA4753E98524E21E /* Pods_Bookz.framework in Frameworks */,
			);
			runOnlyForDeploymentPostprocessing = 0;
		};
		713280EA246737050069E2DE /* Frameworks */ = {
			isa = PBXFrameworksBuildPhase;
			buildActionMask = 2147483647;
			files = (
				5C05B4F86E393A6DC0EA3346 /* Pods_BookzTests.framework in Frameworks */,
			);
			runOnlyForDeploymentPostprocessing = 0;
		};
/* End PBXFrameworksBuildPhase section */

/* Begin PBXGroup section */
		32EB8EBBC75750F006A035BB /* Frameworks */ = {
			isa = PBXGroup;
			children = (
				DBB5D13DB48C99C227F1933A /* Pods_Bookz.framework */,
				D62FEC1B5A0153B8ADD27F9E /* Pods_BookzTests.framework */,
			);
			name = Frameworks;
			sourceTree = "<group>";
		};
		713280CE246737030069E2DE = {
			isa = PBXGroup;
			children = (
				713280D9246737030069E2DE /* Bookz */,
				713280F0246737050069E2DE /* BookzTests */,
				713280D8246737030069E2DE /* Products */,
				8C2AC74EDA08297940CF9F6D /* Pods */,
				32EB8EBBC75750F006A035BB /* Frameworks */,
			);
			sourceTree = "<group>";
		};
		713280D8246737030069E2DE /* Products */ = {
			isa = PBXGroup;
			children = (
				713280D7246737030069E2DE /* Bookz.app */,
				713280ED246737050069E2DE /* BookzTests.xctest */,
			);
			name = Products;
			sourceTree = "<group>";
		};
		713280D9246737030069E2DE /* Bookz */ = {
			isa = PBXGroup;
			children = (
				71DF05082468766900A096F2 /* Common */,
				7185A387246751BF00C74DF3 /* Views */,
				7185A386246750B000C74DF3 /* Controllers */,
				7185A385246750A700C74DF3 /* Managers */,
				7185A3842467509800C74DF3 /* Models */,
				7175EB6B24673DA200903034 /* GoogleService-Info.plist */,
				713280DA246737030069E2DE /* AppDelegate.swift */,
				713280DC246737030069E2DE /* SceneDelegate.swift */,
				713280E0246737050069E2DE /* Assets.xcassets */,
				713280E8246737050069E2DE /* Info.plist */,
				713280E2246737050069E2DE /* Preview Content */,
				717F67DB247DBE220016F728 /* LaunchScreen.storyboard */,
			);
			path = Bookz;
			sourceTree = "<group>";
		};
		713280E2246737050069E2DE /* Preview Content */ = {
			isa = PBXGroup;
			children = (
				713280E3246737050069E2DE /* Preview Assets.xcassets */,
			);
			path = "Preview Content";
			sourceTree = "<group>";
		};
		713280F0246737050069E2DE /* BookzTests */ = {
			isa = PBXGroup;
			children = (
				713280F1246737050069E2DE /* BookzTests.swift */,
				713280F3246737050069E2DE /* Info.plist */,
			);
			path = BookzTests;
			sourceTree = "<group>";
		};
		7185A3842467509800C74DF3 /* Models */ = {
			isa = PBXGroup;
			children = (
				7185A3882467524A00C74DF3 /* Book.swift */,
				7185A38A2467525E00C74DF3 /* Genre.swift */,
				7185A38C2467526D00C74DF3 /* Note.swift */,
			);
			path = Models;
			sourceTree = "<group>";
		};
		7185A385246750A700C74DF3 /* Managers */ = {
			isa = PBXGroup;
			children = (
				7185A38E2467606700C74DF3 /* BooksManager.swift */,
				7185A3902467607500C74DF3 /* GenresManager.swift */,
				7185A3922467608800C74DF3 /* NotesManager.swift */,
			);
			path = Managers;
			sourceTree = "<group>";
		};
		7185A386246750B000C74DF3 /* Controllers */ = {
			isa = PBXGroup;
			children = (
				7185A3982467697F00C74DF3 /* NotesController.swift */,
				7185A3962467696D00C74DF3 /* BooksController.swift */,
				717F67D9247D7B120016F728 /* BookReaderController.swift */,
			);
			path = Controllers;
			sourceTree = "<group>";
		};
		7185A387246751BF00C74DF3 /* Views */ = {
			isa = PBXGroup;
			children = (
				713280E5246737050069E2DE /* Main.storyboard */,
			);
			path = Views;
			sourceTree = "<group>";
		};
		71DF05082468766900A096F2 /* Common */ = {
			isa = PBXGroup;
			children = (
				71DF05092468767F00A096F2 /* DirectoryUtils.swift */,
			);
			path = Common;
			sourceTree = "<group>";
		};
		8C2AC74EDA08297940CF9F6D /* Pods */ = {
			isa = PBXGroup;
			children = (
				371D4F5E05CB2C9CC46E9EDC /* Pods-Bookz.debug.xcconfig */,
				868526B0C8EA8B27F7C52F8B /* Pods-Bookz.release.xcconfig */,
				E59D34E1585A87EF3A7568CE /* Pods-BookzTests.debug.xcconfig */,
				6ED9C39347B604824C199490 /* Pods-BookzTests.release.xcconfig */,
			);
			path = Pods;
			sourceTree = "<group>";
		};
/* End PBXGroup section */

/* Begin PBXNativeTarget section */
		713280D6246737030069E2DE /* Bookz */ = {
			isa = PBXNativeTarget;
			buildConfigurationList = 713280F6246737050069E2DE /* Build configuration list for PBXNativeTarget "Bookz" */;
			buildPhases = (
				77C8DE0921734D5B5543C41D /* [CP] Check Pods Manifest.lock */,
				713280D3246737030069E2DE /* Sources */,
				713280D4246737030069E2DE /* Frameworks */,
				713280D5246737030069E2DE /* Resources */,
				0929A27B8DC524EE2B2446B1 /* [CP] Embed Pods Frameworks */,
			);
			buildRules = (
			);
			dependencies = (
			);
			name = Bookz;
			productName = Bookz;
			productReference = 713280D7246737030069E2DE /* Bookz.app */;
			productType = "com.apple.product-type.application";
		};
		713280EC246737050069E2DE /* BookzTests */ = {
			isa = PBXNativeTarget;
			buildConfigurationList = 713280F9246737050069E2DE /* Build configuration list for PBXNativeTarget "BookzTests" */;
			buildPhases = (
				84694C7C173EBF448FEE5661 /* [CP] Check Pods Manifest.lock */,
				713280E9246737050069E2DE /* Sources */,
				713280EA246737050069E2DE /* Frameworks */,
				713280EB246737050069E2DE /* Resources */,
			);
			buildRules = (
			);
			dependencies = (
				713280EF246737050069E2DE /* PBXTargetDependency */,
			);
			name = BookzTests;
			productName = BookzTests;
			productReference = 713280ED246737050069E2DE /* BookzTests.xctest */;
			productType = "com.apple.product-type.bundle.unit-test";
		};
/* End PBXNativeTarget section */

/* Begin PBXProject section */
		713280CF246737030069E2DE /* Project object */ = {
			isa = PBXProject;
			attributes = {
				LastSwiftUpdateCheck = 1140;
				LastUpgradeCheck = 1140;
				ORGANIZATIONNAME = "Andrei Mesina";
				TargetAttributes = {
					713280D6246737030069E2DE = {
						CreatedOnToolsVersion = 11.4.1;
					};
					713280EC246737050069E2DE = {
						CreatedOnToolsVersion = 11.4.1;
						TestTargetID = 713280D6246737030069E2DE;
					};
				};
			};
			buildConfigurationList = 713280D2246737030069E2DE /* Build configuration list for PBXProject "Bookz" */;
			compatibilityVersion = "Xcode 9.3";
			developmentRegion = en;
			hasScannedForEncodings = 0;
			knownRegions = (
				en,
				Base,
			);
			mainGroup = 713280CE246737030069E2DE;
			productRefGroup = 713280D8246737030069E2DE /* Products */;
			projectDirPath = "";
			projectRoot = "";
			targets = (
				713280D6246737030069E2DE /* Bookz */,
				713280EC246737050069E2DE /* BookzTests */,
			);
		};
/* End PBXProject section */

/* Begin PBXResourcesBuildPhase section */
		713280D5246737030069E2DE /* Resources */ = {
			isa = PBXResourcesBuildPhase;
			buildActionMask = 2147483647;
			files = (
				713280E7246737050069E2DE /* Main.storyboard in Resources */,
				7175EB6C24673DA200903034 /* GoogleService-Info.plist in Resources */,
				713280E4246737050069E2DE /* Preview Assets.xcassets in Resources */,
				717F67DC247DBE220016F728 /* LaunchScreen.storyboard in Resources */,
				713280E1246737050069E2DE /* Assets.xcassets in Resources */,
			);
			runOnlyForDeploymentPostprocessing = 0;
		};
		713280EB246737050069E2DE /* Resources */ = {
			isa = PBXResourcesBuildPhase;
			buildActionMask = 2147483647;
			files = (
			);
			runOnlyForDeploymentPostprocessing = 0;
		};
/* End PBXResourcesBuildPhase section */

/* Begin PBXShellScriptBuildPhase section */
		0929A27B8DC524EE2B2446B1 /* [CP] Embed Pods Frameworks */ = {
			isa = PBXShellScriptBuildPhase;
			buildActionMask = 2147483647;
			files = (
			);
			inputFileListPaths = (
				"${PODS_ROOT}/Target Support Files/Pods-Bookz/Pods-Bookz-frameworks-${CONFIGURATION}-input-files.xcfilelist",
			);
			name = "[CP] Embed Pods Frameworks";
			outputFileListPaths = (
				"${PODS_ROOT}/Target Support Files/Pods-Bookz/Pods-Bookz-frameworks-${CONFIGURATION}-output-files.xcfilelist",
			);
			runOnlyForDeploymentPostprocessing = 0;
			shellPath = /bin/sh;
			shellScript = "\"${PODS_ROOT}/Target Support Files/Pods-Bookz/Pods-Bookz-frameworks.sh\"\n";
			showEnvVarsInLog = 0;
		};
		77C8DE0921734D5B5543C41D /* [CP] Check Pods Manifest.lock */ = {
			isa = PBXShellScriptBuildPhase;
			buildActionMask = 2147483647;
			files = (
			);
			inputFileListPaths = (
			);
			inputPaths = (
				"${PODS_PODFILE_DIR_PATH}/Podfile.lock",
				"${PODS_ROOT}/Manifest.lock",
			);
			name = "[CP] Check Pods Manifest.lock";
			outputFileListPaths = (
			);
			outputPaths = (
				"$(DERIVED_FILE_DIR)/Pods-Bookz-checkManifestLockResult.txt",
			);
			runOnlyForDeploymentPostprocessing = 0;
			shellPath = /bin/sh;
			shellScript = "diff \"${PODS_PODFILE_DIR_PATH}/Podfile.lock\" \"${PODS_ROOT}/Manifest.lock\" > /dev/null\nif [ $? != 0 ] ; then\n    # print error to STDERR\n    echo \"error: The sandbox is not in sync with the Podfile.lock. Run 'pod install' or update your CocoaPods installation.\" >&2\n    exit 1\nfi\n# This output is used by Xcode 'outputs' to avoid re-running this script phase.\necho \"SUCCESS\" > \"${SCRIPT_OUTPUT_FILE_0}\"\n";
			showEnvVarsInLog = 0;
		};
		84694C7C173EBF448FEE5661 /* [CP] Check Pods Manifest.lock */ = {
			isa = PBXShellScriptBuildPhase;
			buildActionMask = 2147483647;
			files = (
			);
			inputFileListPaths = (
			);
			inputPaths = (
				"${PODS_PODFILE_DIR_PATH}/Podfile.lock",
				"${PODS_ROOT}/Manifest.lock",
			);
			name = "[CP] Check Pods Manifest.lock";
			outputFileListPaths = (
			);
			outputPaths = (
				"$(DERIVED_FILE_DIR)/Pods-BookzTests-checkManifestLockResult.txt",
			);
			runOnlyForDeploymentPostprocessing = 0;
			shellPath = /bin/sh;
			shellScript = "diff \"${PODS_PODFILE_DIR_PATH}/Podfile.lock\" \"${PODS_ROOT}/Manifest.lock\" > /dev/null\nif [ $? != 0 ] ; then\n    # print error to STDERR\n    echo \"error: The sandbox is not in sync with the Podfile.lock. Run 'pod install' or update your CocoaPods installation.\" >&2\n    exit 1\nfi\n# This output is used by Xcode 'outputs' to avoid re-running this script phase.\necho \"SUCCESS\" > \"${SCRIPT_OUTPUT_FILE_0}\"\n";
			showEnvVarsInLog = 0;
		};
/* End PBXShellScriptBuildPhase section */

/* Begin PBXSourcesBuildPhase section */
		713280D3246737030069E2DE /* Sources */ = {
			isa = PBXSourcesBuildPhase;
			buildActionMask = 2147483647;
			files = (
				7185A3892467524A00C74DF3 /* Book.swift in Sources */,
				7185A3992467697F00C74DF3 /* NotesController.swift in Sources */,
				713280DB246737030069E2DE /* AppDelegate.swift in Sources */,
				717F67DA247D7B120016F728 /* BookReaderController.swift in Sources */,
				713280DD246737030069E2DE /* SceneDelegate.swift in Sources */,
				7185A3972467696D00C74DF3 /* BooksController.swift in Sources */,
				71DF050A2468767F00A096F2 /* DirectoryUtils.swift in Sources */,
				7185A38B2467525E00C74DF3 /* Genre.swift in Sources */,
				7185A3912467607500C74DF3 /* GenresManager.swift in Sources */,
				7185A38D2467526D00C74DF3 /* Note.swift in Sources */,
				7185A3932467608800C74DF3 /* NotesManager.swift in Sources */,
				7185A38F2467606700C74DF3 /* BooksManager.swift in Sources */,
			);
			runOnlyForDeploymentPostprocessing = 0;
		};
		713280E9246737050069E2DE /* Sources */ = {
			isa = PBXSourcesBuildPhase;
			buildActionMask = 2147483647;
			files = (
				713280F2246737050069E2DE /* BookzTests.swift in Sources */,
			);
			runOnlyForDeploymentPostprocessing = 0;
		};
/* End PBXSourcesBuildPhase section */

/* Begin PBXTargetDependency section */
		713280EF246737050069E2DE /* PBXTargetDependency */ = {
			isa = PBXTargetDependency;
			target = 713280D6246737030069E2DE /* Bookz */;
			targetProxy = 713280EE246737050069E2DE /* PBXContainerItemProxy */;
		};
/* End PBXTargetDependency section */

/* Begin PBXVariantGroup section */
		713280E5246737050069E2DE /* Main.storyboard */ = {
			isa = PBXVariantGroup;
			children = (
				713280E6246737050069E2DE /* Base */,
			);
			name = Main.storyboard;
			sourceTree = "<group>";
		};
/* End PBXVariantGroup section */

/* Begin XCBuildConfiguration section */
		713280F4246737050069E2DE /* Debug */ = {
			isa = XCBuildConfiguration;
			buildSettings = {
				ALWAYS_SEARCH_USER_PATHS = NO;
				CLANG_ANALYZER_NONNULL = YES;
				CLANG_ANALYZER_NUMBER_OBJECT_CONVERSION = YES_AGGRESSIVE;
				CLANG_CXX_LANGUAGE_STANDARD = "gnu++14";
				CLANG_CXX_LIBRARY = "libc++";
				CLANG_ENABLE_MODULES = YES;
				CLANG_ENABLE_OBJC_ARC = YES;
				CLANG_ENABLE_OBJC_WEAK = YES;
				CLANG_WARN_BLOCK_CAPTURE_AUTORELEASING = YES;
				CLANG_WARN_BOOL_CONVERSION = YES;
				CLANG_WARN_COMMA = YES;
				CLANG_WARN_CONSTANT_CONVERSION = YES;
				CLANG_WARN_DEPRECATED_OBJC_IMPLEMENTATIONS = YES;
				CLANG_WARN_DIRECT_OBJC_ISA_USAGE = YES_ERROR;
				CLANG_WARN_DOCUMENTATION_COMMENTS = YES;
				CLANG_WARN_EMPTY_BODY = YES;
				CLANG_WARN_ENUM_CONVERSION = YES;
				CLANG_WARN_INFINITE_RECURSION = YES;
				CLANG_WARN_INT_CONVERSION = YES;
				CLANG_WARN_NON_LITERAL_NULL_CONVERSION = YES;
				CLANG_WARN_OBJC_IMPLICIT_RETAIN_SELF = YES;
				CLANG_WARN_OBJC_LITERAL_CONVERSION = YES;
				CLANG_WARN_OBJC_ROOT_CLASS = YES_ERROR;
				CLANG_WARN_RANGE_LOOP_ANALYSIS = YES;
				CLANG_WARN_STRICT_PROTOTYPES = YES;
				CLANG_WARN_SUSPICIOUS_MOVE = YES;
				CLANG_WARN_UNGUARDED_AVAILABILITY = YES_AGGRESSIVE;
				CLANG_WARN_UNREACHABLE_CODE = YES;
				CLANG_WARN__DUPLICATE_METHOD_MATCH = YES;
				COPY_PHASE_STRIP = NO;
				DEBUG_INFORMATION_FORMAT = dwarf;
				ENABLE_STRICT_OBJC_MSGSEND = YES;
				ENABLE_TESTABILITY = YES;
				GCC_C_LANGUAGE_STANDARD = gnu11;
				GCC_DYNAMIC_NO_PIC = NO;
				GCC_NO_COMMON_BLOCKS = YES;
				GCC_OPTIMIZATION_LEVEL = 0;
				GCC_PREPROCESSOR_DEFINITIONS = (
					"DEBUG=1",
					"$(inherited)",
				);
				GCC_WARN_64_TO_32_BIT_CONVERSION = YES;
				GCC_WARN_ABOUT_RETURN_TYPE = YES_ERROR;
				GCC_WARN_UNDECLARED_SELECTOR = YES;
				GCC_WARN_UNINITIALIZED_AUTOS = YES_AGGRESSIVE;
				GCC_WARN_UNUSED_FUNCTION = YES;
				GCC_WARN_UNUSED_VARIABLE = YES;
				IPHONEOS_DEPLOYMENT_TARGET = 13.4;
				MTL_ENABLE_DEBUG_INFO = INCLUDE_SOURCE;
				MTL_FAST_MATH = YES;
				ONLY_ACTIVE_ARCH = YES;
				SDKROOT = iphoneos;
				SWIFT_ACTIVE_COMPILATION_CONDITIONS = DEBUG;
				SWIFT_OPTIMIZATION_LEVEL = "-Onone";
			};
			name = Debug;
		};
		713280F5246737050069E2DE /* Release */ = {
			isa = XCBuildConfiguration;
			buildSettings = {
				ALWAYS_SEARCH_USER_PATHS = NO;
				CLANG_ANALYZER_NONNULL = YES;
				CLANG_ANALYZER_NUMBER_OBJECT_CONVERSION = YES_AGGRESSIVE;
				CLANG_CXX_LANGUAGE_STANDARD = "gnu++14";
				CLANG_CXX_LIBRARY = "libc++";
				CLANG_ENABLE_MODULES = YES;
				CLANG_ENABLE_OBJC_ARC = YES;
				CLANG_ENABLE_OBJC_WEAK = YES;
				CLANG_WARN_BLOCK_CAPTURE_AUTORELEASING = YES;
				CLANG_WARN_BOOL_CONVERSION = YES;
				CLANG_WARN_COMMA = YES;
				CLANG_WARN_CONSTANT_CONVERSION = YES;
				CLANG_WARN_DEPRECATED_OBJC_IMPLEMENTATIONS = YES;
				CLANG_WARN_DIRECT_OBJC_ISA_USAGE = YES_ERROR;
				CLANG_WARN_DOCUMENTATION_COMMENTS = YES;
				CLANG_WARN_EMPTY_BODY = YES;
				CLANG_WARN_ENUM_CONVERSION = YES;
				CLANG_WARN_INFINITE_RECURSION = YES;
				CLANG_WARN_INT_CONVERSION = YES;
				CLANG_WARN_NON_LITERAL_NULL_CONVERSION = YES;
				CLANG_WARN_OBJC_IMPLICIT_RETAIN_SELF = YES;
				CLANG_WARN_OBJC_LITERAL_CONVERSION = YES;
				CLANG_WARN_OBJC_ROOT_CLASS = YES_ERROR;
				CLANG_WARN_RANGE_LOOP_ANALYSIS = YES;
				CLANG_WARN_STRICT_PROTOTYPES = YES;
				CLANG_WARN_SUSPICIOUS_MOVE = YES;
				CLANG_WARN_UNGUARDED_AVAILABILITY = YES_AGGRESSIVE;
				CLANG_WARN_UNREACHABLE_CODE = YES;
				CLANG_WARN__DUPLICATE_METHOD_MATCH = YES;
				COPY_PHASE_STRIP = NO;
				DEBUG_INFORMATION_FORMAT = "dwarf-with-dsym";
				ENABLE_NS_ASSERTIONS = NO;
				ENABLE_STRICT_OBJC_MSGSEND = YES;
				GCC_C_LANGUAGE_STANDARD = gnu11;
				GCC_NO_COMMON_BLOCKS = YES;
				GCC_WARN_64_TO_32_BIT_CONVERSION = YES;
				GCC_WARN_ABOUT_RETURN_TYPE = YES_ERROR;
				GCC_WARN_UNDECLARED_SELECTOR = YES;
				GCC_WARN_UNINITIALIZED_AUTOS = YES_AGGRESSIVE;
				GCC_WARN_UNUSED_FUNCTION = YES;
				GCC_WARN_UNUSED_VARIABLE = YES;
				IPHONEOS_DEPLOYMENT_TARGET = 13.4;
				MTL_ENABLE_DEBUG_INFO = NO;
				MTL_FAST_MATH = YES;
				SDKROOT = iphoneos;
				SWIFT_COMPILATION_MODE = wholemodule;
				SWIFT_OPTIMIZATION_LEVEL = "-O";
				VALIDATE_PRODUCT = YES;
			};
			name = Release;
		};
		713280F7246737050069E2DE /* Debug */ = {
			isa = XCBuildConfiguration;
			baseConfigurationReference = 371D4F5E05CB2C9CC46E9EDC /* Pods-Bookz.debug.xcconfig */;
			buildSettings = {
				ASSETCATALOG_COMPILER_APPICON_NAME = AppIcon;
				CODE_SIGN_STYLE = Automatic;
				DEVELOPMENT_ASSET_PATHS = "\"Bookz/Preview Content\"";
				ENABLE_PREVIEWS = YES;
				INFOPLIST_FILE = Bookz/Info.plist;
				LD_RUNPATH_SEARCH_PATHS = (
					"$(inherited)",
					"@executable_path/Frameworks",
				);
				PRODUCT_BUNDLE_IDENTIFIER = com.andreimesina.Bookz;
				PRODUCT_NAME = "$(TARGET_NAME)";
				SWIFT_VERSION = 5.0;
				TARGETED_DEVICE_FAMILY = "1,2";
			};
			name = Debug;
		};
		713280F8246737050069E2DE /* Release */ = {
			isa = XCBuildConfiguration;
			baseConfigurationReference = 868526B0C8EA8B27F7C52F8B /* Pods-Bookz.release.xcconfig */;
			buildSettings = {
				ASSETCATALOG_COMPILER_APPICON_NAME = AppIcon;
				CODE_SIGN_STYLE = Automatic;
				DEVELOPMENT_ASSET_PATHS = "\"Bookz/Preview Content\"";
				ENABLE_PREVIEWS = YES;
				INFOPLIST_FILE = Bookz/Info.plist;
				LD_RUNPATH_SEARCH_PATHS = (
					"$(inherited)",
					"@executable_path/Frameworks",
				);
				PRODUCT_BUNDLE_IDENTIFIER = com.andreimesina.Bookz;
				PRODUCT_NAME = "$(TARGET_NAME)";
				SWIFT_VERSION = 5.0;
				TARGETED_DEVICE_FAMILY = "1,2";
			};
			name = Release;
		};
		713280FA246737050069E2DE /* Debug */ = {
			isa = XCBuildConfiguration;
			baseConfigurationReference = E59D34E1585A87EF3A7568CE /* Pods-BookzTests.debug.xcconfig */;
			buildSettings = {
				ALWAYS_EMBED_SWIFT_STANDARD_LIBRARIES = YES;
				BUNDLE_LOADER = "$(TEST_HOST)";
				CODE_SIGN_STYLE = Automatic;
				INFOPLIST_FILE = BookzTests/Info.plist;
				IPHONEOS_DEPLOYMENT_TARGET = 13.4;
				LD_RUNPATH_SEARCH_PATHS = (
					"$(inherited)",
					"@executable_path/Frameworks",
					"@loader_path/Frameworks",
				);
				PRODUCT_BUNDLE_IDENTIFIER = com.andreimesina.BookzTests;
				PRODUCT_NAME = "$(TARGET_NAME)";
				SWIFT_VERSION = 5.0;
				TARGETED_DEVICE_FAMILY = "1,2";
				TEST_HOST = "$(BUILT_PRODUCTS_DIR)/Bookz.app/Bookz";
			};
			name = Debug;
		};
		713280FB246737050069E2DE /* Release */ = {
			isa = XCBuildConfiguration;
			baseConfigurationReference = 6ED9C39347B604824C199490 /* Pods-BookzTests.release.xcconfig */;
			buildSettings = {
				ALWAYS_EMBED_SWIFT_STANDARD_LIBRARIES = YES;
				BUNDLE_LOADER = "$(TEST_HOST)";
				CODE_SIGN_STYLE = Automatic;
				INFOPLIST_FILE = BookzTests/Info.plist;
				IPHONEOS_DEPLOYMENT_TARGET = 13.4;
				LD_RUNPATH_SEARCH_PATHS = (
					"$(inherited)",
					"@executable_path/Frameworks",
					"@loader_path/Frameworks",
				);
				PRODUCT_BUNDLE_IDENTIFIER = com.andreimesina.BookzTests;
				PRODUCT_NAME = "$(TARGET_NAME)";
				SWIFT_VERSION = 5.0;
				TARGETED_DEVICE_FAMILY = "1,2";
				TEST_HOST = "$(BUILT_PRODUCTS_DIR)/Bookz.app/Bookz";
			};
			name = Release;
		};
/* End XCBuildConfiguration section */

/* Begin XCConfigurationList section */
		713280D2246737030069E2DE /* Build configuration list for PBXProject "Bookz" */ = {
			isa = XCConfigurationList;
			buildConfigurations = (
				713280F4246737050069E2DE /* Debug */,
				713280F5246737050069E2DE /* Release */,
			);
			defaultConfigurationIsVisible = 0;
			defaultConfigurationName = Release;
		};
		713280F6246737050069E2DE /* Build configuration list for PBXNativeTarget "Bookz" */ = {
			isa = XCConfigurationList;
			buildConfigurations = (
				713280F7246737050069E2DE /* Debug */,
				713280F8246737050069E2DE /* Release */,
			);
			defaultConfigurationIsVisible = 0;
			defaultConfigurationName = Release;
		};
		713280F9246737050069E2DE /* Build configuration list for PBXNativeTarget "BookzTests" */ = {
			isa = XCConfigurationList;
			buildConfigurations = (
				713280FA246737050069E2DE /* Debug */,
				713280FB246737050069E2DE /* Release */,
			);
			defaultConfigurationIsVisible = 0;
			defaultConfigurationName = Release;
		};
/* End XCConfigurationList section */
	};
	rootObject = 713280CF246737030069E2DE /* Project object */;
}
